dependencies:
- name: mariadb
  repository: https://charts.bitnami.com/bitnami
  version: 18.2.6
- name: redis
  repository: https://charts.bitnami.com/bitnami
  version: 17.17.1
digest: sha256:425f5f315e803d725c9a9d0ad116f5e6413b0fcb2257ac2496f3670fb3978d4c
generated: "2024-07-02T21:04:51.652659221Z"
