dependencies:
- name: mariadb
  repository: https://charts.bitnami.com/bitnami
  version: 11.5.7
- name: redis
  repository: https://charts.bitnami.com/bitnami
  version: 19.6.4
digest: sha256:415d6d66339b3fc6928d5c947e6d9cdcab1edc9a11fddc76cea6ddb4a23aa230
generated: "2024-07-25T14:19:27.423931635Z"
